
Microsoft Visual Studio Solution File, Format Version 12.00
# Visual Studio Version 17
VisualStudioVersion = 17.13.35806.99
MinimumVisualStudioVersion = 10.0.40219.1
Project("{FAE04EC0-301F-11D3-BF4B-00C04F79EFBC}") = "demo_web_api", "demo_web_api\demo_web_api.csproj", "{CCF4F9BA-45F6-406E-94C6-1912346A6F78}"
	ProjectSection(ProjectDependencies) = postProject
		{1DC0B915-3950-4E3F-90DE-BC5E59B1179C} = {1DC0B915-3950-4E3F-90DE-BC5E59B1179C}
		{3F337E7A-C378-408A-9D8D-60BB4D95538A} = {3F337E7A-C378-408A-9D8D-60BB4D95538A}
	EndProjectSection
EndProject
Project("{FAE04EC0-301F-11D3-BF4B-00C04F79EFBC}") = "demo_web_api.DAL", "demo_web_api.DAL\demo_web_api.DAL.csproj", "{61035A3E-FA55-424D-93F4-CD6C7F5F4E3F}"
	ProjectSection(ProjectDependencies) = postProject
		{3F337E7A-C378-408A-9D8D-60BB4D95538A} = {3F337E7A-C378-408A-9D8D-60BB4D95538A}
	EndProjectSection
EndProject
Project("{FAE04EC0-301F-11D3-BF4B-00C04F79EFBC}") = "demo_web_api.BLL", "demo_web_api.BLL\demo_web_api.BLL.csproj", "{F163D372-331D-4E18-8FBB-770C76765131}"
	ProjectSection(ProjectDependencies) = postProject
		{3F337E7A-C378-408A-9D8D-60BB4D95538A} = {3F337E7A-C378-408A-9D8D-60BB4D95538A}
	EndProjectSection
EndProject
Project("{FAE04EC0-301F-11D3-BF4B-00C04F79EFBC}") = "demo_web_api.Units", "demo_web_api.Units\demo_web_api.Units.csproj", "{5B9472E9-9F84-42AB-BE2F-81D47C9D12CF}"
EndProject
Project("{FAE04EC0-301F-11D3-BF4B-00C04F79EFBC}") = "demo_web_api.DTOs", "demo_web_api.DTOs\demo_web_api.DTOs.csproj", "{3F337E7A-C378-408A-9D8D-60BB4D95538A}"
EndProject
Project("{FAE04EC0-301F-11D3-BF4B-00C04F79EFBC}") = "demo_web_api.Mapping", "demo_web_api.Mapping\demo_web_api.Mapping.csproj", "{1DC0B915-3950-4E3F-90DE-BC5E59B1179C}"
EndProject
Project("{FAE04EC0-301F-11D3-BF4B-00C04F79EFBC}") = "demo_web_api.Validation", "demo_web_api.Validation\demo_web_api.Validation.csproj", "{B28306D9-24EA-4372-856D-DC132B43AA89}"
EndProject
Global
	GlobalSection(SolutionConfigurationPlatforms) = preSolution
		Debug|Any CPU = Debug|Any CPU
		Release|Any CPU = Release|Any CPU
	EndGlobalSection
	GlobalSection(ProjectConfigurationPlatforms) = postSolution
		{CCF4F9BA-45F6-406E-94C6-1912346A6F78}.Debug|Any CPU.ActiveCfg = Debug|Any CPU
		{CCF4F9BA-45F6-406E-94C6-1912346A6F78}.Debug|Any CPU.Build.0 = Debug|Any CPU
		{CCF4F9BA-45F6-406E-94C6-1912346A6F78}.Release|Any CPU.ActiveCfg = Release|Any CPU
		{CCF4F9BA-45F6-406E-94C6-1912346A6F78}.Release|Any CPU.Build.0 = Release|Any CPU
		{61035A3E-FA55-424D-93F4-CD6C7F5F4E3F}.Debug|Any CPU.ActiveCfg = Debug|Any CPU
		{61035A3E-FA55-424D-93F4-CD6C7F5F4E3F}.Debug|Any CPU.Build.0 = Debug|Any CPU
		{61035A3E-FA55-424D-93F4-CD6C7F5F4E3F}.Release|Any CPU.ActiveCfg = Release|Any CPU
		{61035A3E-FA55-424D-93F4-CD6C7F5F4E3F}.Release|Any CPU.Build.0 = Release|Any CPU
		{F163D372-331D-4E18-8FBB-770C76765131}.Debug|Any CPU.ActiveCfg = Debug|Any CPU
		{F163D372-331D-4E18-8FBB-770C76765131}.Debug|Any CPU.Build.0 = Debug|Any CPU
		{F163D372-331D-4E18-8FBB-770C76765131}.Release|Any CPU.ActiveCfg = Release|Any CPU
		{F163D372-331D-4E18-8FBB-770C76765131}.Release|Any CPU.Build.0 = Release|Any CPU
		{5B9472E9-9F84-42AB-BE2F-81D47C9D12CF}.Debug|Any CPU.ActiveCfg = Debug|Any CPU
		{5B9472E9-9F84-42AB-BE2F-81D47C9D12CF}.Debug|Any CPU.Build.0 = Debug|Any CPU
		{5B9472E9-9F84-42AB-BE2F-81D47C9D12CF}.Release|Any CPU.ActiveCfg = Release|Any CPU
		{5B9472E9-9F84-42AB-BE2F-81D47C9D12CF}.Release|Any CPU.Build.0 = Release|Any CPU
		{3F337E7A-C378-408A-9D8D-60BB4D95538A}.Debug|Any CPU.ActiveCfg = Debug|Any CPU
		{3F337E7A-C378-408A-9D8D-60BB4D95538A}.Debug|Any CPU.Build.0 = Debug|Any CPU
		{3F337E7A-C378-408A-9D8D-60BB4D95538A}.Release|Any CPU.ActiveCfg = Release|Any CPU
		{3F337E7A-C378-408A-9D8D-60BB4D95538A}.Release|Any CPU.Build.0 = Release|Any CPU
		{1DC0B915-3950-4E3F-90DE-BC5E59B1179C}.Debug|Any CPU.ActiveCfg = Debug|Any CPU
		{1DC0B915-3950-4E3F-90DE-BC5E59B1179C}.Debug|Any CPU.Build.0 = Debug|Any CPU
		{1DC0B915-3950-4E3F-90DE-BC5E59B1179C}.Release|Any CPU.ActiveCfg = Release|Any CPU
		{1DC0B915-3950-4E3F-90DE-BC5E59B1179C}.Release|Any CPU.Build.0 = Release|Any CPU
		{B28306D9-24EA-4372-856D-DC132B43AA89}.Debug|Any CPU.ActiveCfg = Debug|Any CPU
		{B28306D9-24EA-4372-856D-DC132B43AA89}.Debug|Any CPU.Build.0 = Debug|Any CPU
		{B28306D9-24EA-4372-856D-DC132B43AA89}.Release|Any CPU.ActiveCfg = Release|Any CPU
		{B28306D9-24EA-4372-856D-DC132B43AA89}.Release|Any CPU.Build.0 = Release|Any CPU
	EndGlobalSection
	GlobalSection(SolutionProperties) = preSolution
		HideSolutionNode = FALSE
	EndGlobalSection
	GlobalSection(ExtensibilityGlobals) = postSolution
		SolutionGuid = {20C59E40-A42D-4121-B45F-253F4066C966}
	EndGlobalSection
EndGlobal
